locks:
  f/test_sync/faithful_script: bea62420707527bf7cfc37cc948c7683a0e148c84ad013ac66ef5bec42de7391
  f/test_sync/new_test_script: 3bcce9b41e4eb1a5dd48d9e6ef8971d5b6bf9bf852df8416859f14cfad0dfe9c
  f/test_sync/python_script: cfc5f06a916c20fac2c4c5a7a7d16175ca880b2708db5fc06e5f8187f883fcc3
  f/test_sync/sturdy_script: e8824fc97e35982b17691ac3a6c2d6e6fbcaa8c2661f18366bfb9dedcb893248
